{
  "requires": true,
  "lockfileVersion": 1,
  "dependencies": {
    "angular2": {
      "version": "2.0.0-beta.0",
      "resolved": "https://registry.npmjs.org/angular2/-/angular2-2.0.0-beta.0.tgz",
      "integrity": "sha1-l0E/q8Hq8VR6CBujrUxhcy21SDc="
    },
    "es6-module-loader": {
      "version": "0.17.11",
      "resolved": "https://registry.npmjs.org/es6-module-loader/-/es6-module-loader-0.17.11.tgz",
      "integrity": "sha1-CU8ELjtNMIa8/Rc4Cv+r38mfNdc=",
      "requires": {
        "when": "^3.7.2"
      }
    },
    "rxjs": {
      "version": "5.0.0-beta.0",
      "resolved": "https://registry.npmjs.org/rxjs/-/rxjs-5.0.0-beta.0.tgz",
      "integrity": "sha1-GUWsWqxm0zhFbAwKZqkdiK6BQQ8="
    },
    "systemjs": {
      "version": "0.19.6",
      "resolved": "https://registry.npmjs.org/systemjs/-/systemjs-0.19.6.tgz",
      "integrity": "sha1-ZDB0ge0d1sB8Hx4jZ69yyZ6Y40c=",
      "requires": {
        "es6-module-loader": "^0.17.4",
        "when": "^3.7.2"
      }
    },
    "todomvc-app-css": {
      "version": "2.3.0",
      "resolved": "https://registry.npmjs.org/todomvc-app-css/-/todomvc-app-css-2.3.0.tgz",
      "integrity": "sha512-RG8hxqoVn8Be3wxyuyHfOSAXiY1Z0N+PYQOe/jxzy3wpU1Obfwd1RF1i/fz/fR+MrYL+Q+BdrUt8SsXdtR7Oow=="
    },
    "todomvc-common": {
      "version": "1.0.5",
      "resolved": "https://registry.npmjs.org/todomvc-common/-/todomvc-common-1.0.5.tgz",
      "integrity": "sha512-D8kEJmxVMQIWwztEdH+WeiAfXRbbSCpgXq4NkYi+gduJ2tr8CNq7sYLfJvjpQ10KD9QxJwig57rvMbV2QAESwQ=="
    },
    "typescript": {
      "version": "1.7.5",
      "resolved": "https://registry.npmjs.org/typescript/-/typescript-1.7.5.tgz",
      "integrity": "sha1-qA/CMdm5Wv650Q8FiVYEKN0KBF4=",
      "dev": true
    },
    "when": {
      "version": "3.7.8",
      "resolved": "https://registry.npmjs.org/when/-/when-3.7.8.tgz",
      "integrity": "sha1-xxMLan6gRpPoQs3J56Hyqjmjn4I="
    }
  }
}
